<Solution>
  <Folder Name="/Server/">
    <Project Path="Server/CLI/CLI.csproj" />
    <Project Path="Server/Entities/Entities.csproj" />
    <Project Path="Server/InMemoryRepositories/InMemoryRepositories.csproj" />
    <Project Path="Server/RepositoryContract/RepositoryContract.csproj" />
  </Folder>
</Solution>
